
Microsoft Visual Studio Solution File, Format Version 12.00
# Visual Studio Version 16
VisualStudioVersion = 16.0.29215.179
MinimumVisualStudioVersion = 10.0.40219.1
Project("{2150E333-8FDC-42A3-9474-1A3956D46DE8}") = "1 - Camada de Serviço", "1 - Camada de Serviço", "{2353B1B9-2B69-47C0-84F6-436069E13179}"
EndProject
Project("{2150E333-8FDC-42A3-9474-1A3956D46DE8}") = "2 - Camada de Dados", "2 - Camada de Dados", "{9D445D58-068E-49B7-80FA-88356D5803DA}"
EndProject
Project("{FAE04EC0-301F-11D3-BF4B-00C04F79EFBC}") = "WebPlanoSaude", "WebPlanoSaude\WebPlanoSaude.csproj", "{40909032-DC65-4F72-A5F6-56ECDB91D963}"
EndProject
Project("{FAE04EC0-301F-11D3-BF4B-00C04F79EFBC}") = "ClassLibraryDados", "ClassLibraryDados\ClassLibraryDados.csproj", "{99D44B10-E595-4BBF-BA46-AD272A73ACE8}"
EndProject
Global
	GlobalSection(SolutionConfigurationPlatforms) = preSolution
		Debug|Any CPU = Debug|Any CPU
		Release|Any CPU = Release|Any CPU
	EndGlobalSection
	GlobalSection(ProjectConfigurationPlatforms) = postSolution
		{40909032-DC65-4F72-A5F6-56ECDB91D963}.Debug|Any CPU.ActiveCfg = Debug|Any CPU
		{40909032-DC65-4F72-A5F6-56ECDB91D963}.Debug|Any CPU.Build.0 = Debug|Any CPU
		{40909032-DC65-4F72-A5F6-56ECDB91D963}.Release|Any CPU.ActiveCfg = Release|Any CPU
		{40909032-DC65-4F72-A5F6-56ECDB91D963}.Release|Any CPU.Build.0 = Release|Any CPU
		{99D44B10-E595-4BBF-BA46-AD272A73ACE8}.Debug|Any CPU.ActiveCfg = Debug|Any CPU
		{99D44B10-E595-4BBF-BA46-AD272A73ACE8}.Debug|Any CPU.Build.0 = Debug|Any CPU
		{99D44B10-E595-4BBF-BA46-AD272A73ACE8}.Release|Any CPU.ActiveCfg = Release|Any CPU
		{99D44B10-E595-4BBF-BA46-AD272A73ACE8}.Release|Any CPU.Build.0 = Release|Any CPU
	EndGlobalSection
	GlobalSection(SolutionProperties) = preSolution
		HideSolutionNode = FALSE
	EndGlobalSection
	GlobalSection(NestedProjects) = preSolution
		{40909032-DC65-4F72-A5F6-56ECDB91D963} = {2353B1B9-2B69-47C0-84F6-436069E13179}
		{99D44B10-E595-4BBF-BA46-AD272A73ACE8} = {9D445D58-068E-49B7-80FA-88356D5803DA}
	EndGlobalSection
	GlobalSection(ExtensibilityGlobals) = postSolution
		SolutionGuid = {1D13FC90-F301-4C28-BE10-C6BB50EFC22D}
	EndGlobalSection
EndGlobal
